// !$*UTF8*$!
{
	archiveVersion = 1;
	classes = {
	};
	objectVersion = 56;
	objects = {

/* Begin PBXBuildFile section */
		A1000001294A1234567890AB /* VoiceNotesApp.swift in Sources */ = {isa = PBXBuildFile; fileRef = A1000000294A1234567890AB /* VoiceNotesApp.swift */; };
		A1000003294A1234567890AB /* ContentView.swift in Sources */ = {isa = PBXBuildFile; fileRef = A1000002294A1234567890AB /* ContentView.swift */; };
		A1000005294A1234567890AB /* Assets.xcassets in Resources */ = {isa = PBXBuildFile; fileRef = A1000004294A1234567890AB /* Assets.xcassets */; };
		A1000010294A1234567890AB /* MainViewModel.swift in Sources */ = {isa = PBXBuildFile; fileRef = A100000F294A1234567890AB /* MainViewModel.swift */; };
		A1000012294A1234567890AB /* MenuBarManager.swift in Sources */ = {isa = PBXBuildFile; fileRef = A1000011294A1234567890AB /* MenuBarManager.swift */; };
		A1000014294A1234567890AB /* AudioRecordingService.swift in Sources */ = {isa = PBXBuildFile; fileRef = A1000013294A1234567890AB /* AudioRecordingService.swift */; };
		A1000016294A1234567890AB /* FileService.swift in Sources */ = {isa = PBXBuildFile; fileRef = A1000015294A1234567890AB /* FileService.swift */; };
		A1000018294A1234567890AB /* SpeechRecognitionService.swift in Sources */ = {isa = PBXBuildFile; fileRef = A1000017294A1234567890AB /* SpeechRecognitionService.swift */; };
		A100001A294A1234567890AB /* AppState.swift in Sources */ = {isa = PBXBuildFile; fileRef = A1000019294A1234567890AB /* AppState.swift */; };
		A100001C294A1234567890AB /* Transcript.swift in Sources */ = {isa = PBXBuildFile; fileRef = A100001B294A1234567890AB /* Transcript.swift */; };
		A100001E294A1234567890AB /* Settings.swift in Sources */ = {isa = PBXBuildFile; fileRef = A100001D294A1234567890AB /* Settings.swift */; };
		A1000020294A1234567890AB /* SettingsView.swift in Sources */ = {isa = PBXBuildFile; fileRef = A100001F294A1234567890AB /* SettingsView.swift */; };
		A1000022294A1234567890AB /* RecordingView.swift in Sources */ = {isa = PBXBuildFile; fileRef = A1000021294A1234567890AB /* RecordingView.swift */; };
		A1000024294A1234567890AB /* TranscriptView.swift in Sources */ = {isa = PBXBuildFile; fileRef = A1000023294A1234567890AB /* TranscriptView.swift */; };
		A1000026294A1234567890AB /* TranscribingView.swift in Sources */ = {isa = PBXBuildFile; fileRef = A1000025294A1234567890AB /* TranscribingView.swift */; };
		A1000028294A1234567890AB /* TranscriptListView.swift in Sources */ = {isa = PBXBuildFile; fileRef = A1000027294A1234567890AB /* TranscriptListView.swift */; };
		A100002A294A1234567890AB /* Constants.swift in Sources */ = {isa = PBXBuildFile; fileRef = A1000029294A1234567890AB /* Constants.swift */; };
		A100002C294A1234567890AB /* Extensions.swift in Sources */ = {isa = PBXBuildFile; fileRef = A100002B294A1234567890AB /* Extensions.swift */; };
/* End PBXBuildFile section */

/* Begin PBXFileReference section */
		A0FFFFFF294A1234567890AB /* VoiceNotes.app */ = {isa = PBXFileReference; explicitFileType = wrapper.application; includeInIndex = 0; path = VoiceNotes.app; sourceTree = BUILT_PRODUCTS_DIR; };
		A1000000294A1234567890AB /* VoiceNotesApp.swift */ = {isa = PBXFileReference; lastKnownFileType = sourcecode.swift; path = VoiceNotesApp.swift; sourceTree = "<group>"; };
		A1000002294A1234567890AB /* ContentView.swift */ = {isa = PBXFileReference; lastKnownFileType = sourcecode.swift; path = ContentView.swift; sourceTree = "<group>"; };
		A1000004294A1234567890AB /* Assets.xcassets */ = {isa = PBXFileReference; lastKnownFileType = folder.assetcatalog; path = Assets.xcassets; sourceTree = "<group>"; };
		A1000009294A1234567890AB /* VoiceNotes.entitlements */ = {isa = PBXFileReference; lastKnownFileType = text.plist.entitlements; path = VoiceNotes.entitlements; sourceTree = "<group>"; };
		A100000F294A1234567890AB /* MainViewModel.swift */ = {isa = PBXFileReference; lastKnownFileType = sourcecode.swift; path = MainViewModel.swift; sourceTree = "<group>"; };
		A1000011294A1234567890AB /* MenuBarManager.swift */ = {isa = PBXFileReference; lastKnownFileType = sourcecode.swift; path = MenuBarManager.swift; sourceTree = "<group>"; };
		A1000013294A1234567890AB /* AudioRecordingService.swift */ = {isa = PBXFileReference; lastKnownFileType = sourcecode.swift; path = AudioRecordingService.swift; sourceTree = "<group>"; };
		A1000015294A1234567890AB /* FileService.swift */ = {isa = PBXFileReference; lastKnownFileType = sourcecode.swift; path = FileService.swift; sourceTree = "<group>"; };
		A1000017294A1234567890AB /* SpeechRecognitionService.swift */ = {isa = PBXFileReference; lastKnownFileType = sourcecode.swift; path = SpeechRecognitionService.swift; sourceTree = "<group>"; };
		A1000019294A1234567890AB /* AppState.swift */ = {isa = PBXFileReference; lastKnownFileType = sourcecode.swift; path = AppState.swift; sourceTree = "<group>"; };
		A100001B294A1234567890AB /* Transcript.swift */ = {isa = PBXFileReference; lastKnownFileType = sourcecode.swift; path = Transcript.swift; sourceTree = "<group>"; };
		A100001D294A1234567890AB /* Settings.swift */ = {isa = PBXFileReference; lastKnownFileType = sourcecode.swift; path = Settings.swift; sourceTree = "<group>"; };
		A100001F294A1234567890AB /* SettingsView.swift */ = {isa = PBXFileReference; lastKnownFileType = sourcecode.swift; path = SettingsView.swift; sourceTree = "<group>"; };
		A1000021294A1234567890AB /* RecordingView.swift */ = {isa = PBXFileReference; lastKnownFileType = sourcecode.swift; path = RecordingView.swift; sourceTree = "<group>"; };
		A1000023294A1234567890AB /* TranscriptView.swift */ = {isa = PBXFileReference; lastKnownFileType = sourcecode.swift; path = TranscriptView.swift; sourceTree = "<group>"; };
		A1000025294A1234567890AB /* TranscribingView.swift */ = {isa = PBXFileReference; lastKnownFileType = sourcecode.swift; path = TranscribingView.swift; sourceTree = "<group>"; };
		A1000027294A1234567890AB /* TranscriptListView.swift */ = {isa = PBXFileReference; lastKnownFileType = sourcecode.swift; path = TranscriptListView.swift; sourceTree = "<group>"; };
		A1000029294A1234567890AB /* Constants.swift */ = {isa = PBXFileReference; lastKnownFileType = sourcecode.swift; path = Constants.swift; sourceTree = "<group>"; };
		A100002B294A1234567890AB /* Extensions.swift */ = {isa = PBXFileReference; lastKnownFileType = sourcecode.swift; path = Extensions.swift; sourceTree = "<group>"; };
		A100002D294A1234567890AB /* Info.plist */ = {isa = PBXFileReference; lastKnownFileType = text.plist.xml; path = Info.plist; sourceTree = "<group>"; };
/* End PBXFileReference section */

/* Begin PBXFrameworksBuildPhase section */
		A0FFFFFC294A1234567890AB /* Frameworks */ = {
			isa = PBXFrameworksBuildPhase;
			buildActionMask = 2147483647;
			files = (
			);
			runOnlyForDeploymentPostprocessing = 0;
		};
/* End PBXFrameworksBuildPhase section */

/* Begin PBXGroup section */
		A0FFFFF6294A1234567890AB = {
			isa = PBXGroup;
			children = (
				A1000001294A1234567890AB /* VoiceNotes */,
				A1000000294A1234567890AB /* Products */,
			);
			sourceTree = "<group>";
		};
		A1000000294A1234567890AB /* Products */ = {
			isa = PBXGroup;
			children = (
				A0FFFFFF294A1234567890AB /* VoiceNotes.app */,
			);
			name = Products;
			sourceTree = "<group>";
		};
		A1000001294A1234567890AB /* VoiceNotes */ = {
			isa = PBXGroup;
			children = (
				A1000000294A1234567890AB /* VoiceNotesApp.swift */,
				A100002E294A1234567890AB /* Views */,
				A100002F294A1234567890AB /* ViewModels */,
				A1000030294A1234567890AB /* Models */,
				A1000031294A1234567890AB /* Services */,
				A1000032294A1234567890AB /* Controllers */,
				A1000033294A1234567890AB /* Utils */,
				A1000034294A1234567890AB /* Resources */,
				A1000009294A1234567890AB /* VoiceNotes.entitlements */,
			);
			path = VoiceNotes;
			sourceTree = "<group>";
		};
		A100002E294A1234567890AB /* Views */ = {
			isa = PBXGroup;
			children = (
				A1000002294A1234567890AB /* ContentView.swift */,
				A1000021294A1234567890AB /* RecordingView.swift */,
				A100001F294A1234567890AB /* SettingsView.swift */,
				A1000025294A1234567890AB /* TranscribingView.swift */,
				A1000027294A1234567890AB /* TranscriptListView.swift */,
				A1000023294A1234567890AB /* TranscriptView.swift */,
			);
			path = Views;
			sourceTree = "<group>";
		};
		A100002F294A1234567890AB /* ViewModels */ = {
			isa = PBXGroup;
			children = (
				A100000F294A1234567890AB /* MainViewModel.swift */,
			);
			path = ViewModels;
			sourceTree = "<group>";
		};
		A1000030294A1234567890AB /* Models */ = {
			isa = PBXGroup;
			children = (
				A1000019294A1234567890AB /* AppState.swift */,
				A100001D294A1234567890AB /* Settings.swift */,
				A100001B294A1234567890AB /* Transcript.swift */,
			);
			path = Models;
			sourceTree = "<group>";
		};
		A1000031294A1234567890AB /* Services */ = {
			isa = PBXGroup;
			children = (
				A1000013294A1234567890AB /* AudioRecordingService.swift */,
				A1000015294A1234567890AB /* FileService.swift */,
				A1000017294A1234567890AB /* SpeechRecognitionService.swift */,
			);
			path = Services;
			sourceTree = "<group>";
		};
		A1000032294A1234567890AB /* Controllers */ = {
			isa = PBXGroup;
			children = (
				A1000011294A1234567890AB /* MenuBarManager.swift */,
			);
			path = Controllers;
			sourceTree = "<group>";
		};
		A1000033294A1234567890AB /* Utils */ = {
			isa = PBXGroup;
			children = (
				A1000029294A1234567890AB /* Constants.swift */,
				A100002B294A1234567890AB /* Extensions.swift */,
			);
			path = Utils;
			sourceTree = "<group>";
		};
		A1000034294A1234567890AB /* Resources */ = {
			isa = PBXGroup;
			children = (
				A1000004294A1234567890AB /* Assets.xcassets */,
				A100002D294A1234567890AB /* Info.plist */,
			);
			path = Resources;
			sourceTree = "<group>";
		};
/* End PBXGroup section */

/* Begin PBXNativeTarget section */
		A0FFFFFE294A1234567890AB /* VoiceNotes */ = {
			isa = PBXNativeTarget;
			buildConfigurationList = A100000E294A1234567890AB /* Build configuration list for PBXNativeTarget "VoiceNotes" */;
			buildPhases = (
				A0FFFFFB294A1234567890AB /* Sources */,
				A0FFFFFC294A1234567890AB /* Frameworks */,
				A0FFFFFD294A1234567890AB /* Resources */,
			);
			buildRules = (
			);
			dependencies = (
			);
			name = VoiceNotes;
			productName = VoiceNotes;
			productReference = A0FFFFFF294A1234567890AB /* VoiceNotes.app */;
			productType = "com.apple.product-type.application";
		};
/* End PBXNativeTarget section */

/* Begin PBXProject section */
		A0FFFFF7294A1234567890AB /* Project object */ = {
			isa = PBXProject;
			attributes = {
				BuildIndependentTargetsInParallel = 1;
				LastSwiftUpdateCheck = 1500;
				LastUpgradeCheck = 1500;
				TargetAttributes = {
					A0FFFFFE294A1234567890AB = {
						CreatedOnToolsVersion = 15.0;
						LastSwiftMigration = 1500;
					};
				};
			};
			buildConfigurationList = A0FFFFFA294A1234567890AB /* Build configuration list for PBXProject "VoiceNotes" */;
			compatibilityVersion = "Xcode 14.0";
			developmentRegion = en;
			hasScannedForEncodings = 0;
			knownRegions = (
				en,
				Base,
			);
			mainGroup = A0FFFFF6294A1234567890AB;
			productRefGroup = A1000000294A1234567890AB /* Products */;
			projectDirPath = "";
			projectRoot = "";
			targets = (
				A0FFFFFE294A1234567890AB /* VoiceNotes */,
			);
		};
/* End PBXProject section */

/* Begin PBXResourcesBuildPhase section */
		A0FFFFFD294A1234567890AB /* Resources */ = {
			isa = PBXResourcesBuildPhase;
			buildActionMask = 2147483647;
			files = (
				A1000005294A1234567890AB /* Assets.xcassets in Resources */,
			);
			runOnlyForDeploymentPostprocessing = 0;
		};
/* End PBXResourcesBuildPhase section */

/* Begin PBXSourcesBuildPhase section */
		A0FFFFFB294A1234567890AB /* Sources */ = {
			isa = PBXSourcesBuildPhase;
			buildActionMask = 2147483647;
			files = (
				A1000003294A1234567890AB /* ContentView.swift in Sources */,
				A1000010294A1234567890AB /* MainViewModel.swift in Sources */,
				A1000012294A1234567890AB /* MenuBarManager.swift in Sources */,
				A1000014294A1234567890AB /* AudioRecordingService.swift in Sources */,
				A1000016294A1234567890AB /* FileService.swift in Sources */,
				A1000018294A1234567890AB /* SpeechRecognitionService.swift in Sources */,
				A100001A294A1234567890AB /* AppState.swift in Sources */,
				A100001C294A1234567890AB /* Transcript.swift in Sources */,
				A100001E294A1234567890AB /* Settings.swift in Sources */,
				A1000020294A1234567890AB /* SettingsView.swift in Sources */,
				A1000022294A1234567890AB /* RecordingView.swift in Sources */,
				A1000024294A1234567890AB /* TranscriptView.swift in Sources */,
				A1000026294A1234567890AB /* TranscribingView.swift in Sources */,
				A1000028294A1234567890AB /* TranscriptListView.swift in Sources */,
				A100002A294A1234567890AB /* Constants.swift in Sources */,
				A100002C294A1234567890AB /* Extensions.swift in Sources */,
				A1000001294A1234567890AB /* VoiceNotesApp.swift in Sources */,
			);
			runOnlyForDeploymentPostprocessing = 0;
		};
/* End PBXSourcesBuildPhase section */

/* Begin XCBuildConfiguration section */
		A100000C294A1234567890AB /* Debug */ = {
			isa = XCBuildConfiguration;
			buildSettings = {
				ALWAYS_SEARCH_USER_PATHS = NO;
				ASSETCATALOG_COMPILER_GENERATE_SWIFT_ASSET_SYMBOL_EXTENSIONS = YES;
				CLANG_ANALYZER_NONNULL = YES;
				CLANG_ANALYZER_NUMBER_OBJECT_CONVERSION = YES_AGGRESSIVE;
				CLANG_CXX_LANGUAGE_STANDARD = "gnu++20";
				CLANG_ENABLE_MODULES = YES;
				CLANG_ENABLE_OBJC_ARC = YES;
				CLANG_ENABLE_OBJC_WEAK = YES;
				CLANG_WARN_BLOCK_CAPTURE_AUTORELEASING = YES;
				CLANG_WARN_BOOL_CONVERSION = YES;
				CLANG_WARN_COMMA = YES;
				CLANG_WARN_CONSTANT_CONVERSION = YES;
				CLANG_WARN_DEPRECATED_OBJC_IMPLEMENTATIONS = YES;
				CLANG_WARN_DIRECT_OBJC_ISA_USAGE = YES_ERROR;
				CLANG_WARN_DOCUMENTATION_COMMENTS = YES;
				CLANG_WARN_EMPTY_BODY = YES;
				CLANG_WARN_ENUM_CONVERSION = YES;
				CLANG_WARN_INFINITE_RECURSION = YES;
				CLANG_WARN_INT_CONVERSION = YES;
				CLANG_WARN_NON_LITERAL_NULL_CONVERSION = YES;
				CLANG_WARN_OBJC_IMPLICIT_RETAIN_SELF = YES;
				CLANG_WARN_OBJC_LITERAL_CONVERSION = YES;
				CLANG_WARN_OBJC_ROOT_CLASS = YES_ERROR;
				CLANG_WARN_QUOTED_INCLUDE_IN_FRAMEWORK_HEADER = YES;
				CLANG_WARN_RANGE_LOOP_ANALYSIS = YES;
				CLANG_WARN_STRICT_PROTOTYPES = YES;
				CLANG_WARN_SUSPICIOUS_MOVE = YES;
				CLANG_WARN_UNGUARDED_AVAILABILITY = YES_AGGRESSIVE;
				CLANG_WARN_UNREACHABLE_CODE = YES;
				CLANG_WARN__DUPLICATE_METHOD_MATCH = YES;
				COPY_PHASE_STRIP = NO;
				DEBUG_INFORMATION_FORMAT = dwarf;
				ENABLE_STRICT_OBJC_MSGSEND = YES;
				ENABLE_TESTABILITY = YES;
				ENABLE_USER_SCRIPT_SANDBOXING = YES;
				GCC_C_LANGUAGE_STANDARD = gnu17;
				GCC_DYNAMIC_NO_PIC = NO;
				GCC_NO_COMMON_BLOCKS = YES;
				GCC_OPTIMIZATION_LEVEL = 0;
				GCC_PREPROCESSOR_DEFINITIONS = (
					"DEBUG=1",
					"$(inherited)",
				);
				GCC_WARN_64_TO_32_BIT_CONVERSION = YES;
				GCC_WARN_ABOUT_RETURN_TYPE = YES_ERROR;
				GCC_WARN_UNDECLARED_SELECTOR = YES;
				GCC_WARN_UNINITIALIZED_AUTOS = YES_AGGRESSIVE;
				GCC_WARN_UNUSED_FUNCTION = YES;
				GCC_WARN_UNUSED_VARIABLE = YES;
				LOCALIZATION_PREFERS_STRING_CATALOGS = YES;
				MACOSX_DEPLOYMENT_TARGET = 11.0;
				MTL_ENABLE_DEBUG_INFO = INCLUDE_SOURCE;
				MTL_FAST_MATH = YES;
				ONLY_ACTIVE_ARCH = YES;
				SDKROOT = macosx;
				SWIFT_ACTIVE_COMPILATION_CONDITIONS = "DEBUG $(inherited)";
				SWIFT_OPTIMIZATION_LEVEL = "-Onone";
			};
			name = Debug;
		};
		A100000D294A1234567890AB /* Release */ = {
			isa = XCBuildConfiguration;
			buildSettings = {
				ALWAYS_SEARCH_USER_PATHS = NO;
				ASSETCATALOG_COMPILER_GENERATE_SWIFT_ASSET_SYMBOL_EXTENSIONS = YES;
				CLANG_ANALYZER_NONNULL = YES;
				CLANG_ANALYZER_NUMBER_OBJECT_CONVERSION = YES_AGGRESSIVE;
				CLANG_CXX_LANGUAGE_STANDARD = "gnu++20";
				CLANG_ENABLE_MODULES = YES;
				CLANG_ENABLE_OBJC_ARC = YES;
				CLANG_ENABLE_OBJC_WEAK = YES;
				CLANG_WARN_BLOCK_CAPTURE_AUTORELEASING = YES;
				CLANG_WARN_BOOL_CONVERSION = YES;
				CLANG_WARN_COMMA = YES;
				CLANG_WARN_CONSTANT_CONVERSION = YES;
				CLANG_WARN_DEPRECATED_OBJC_IMPLEMENTATIONS = YES;
				CLANG_WARN_DIRECT_OBJC_ISA_USAGE = YES_ERROR;
				CLANG_WARN_DOCUMENTATION_COMMENTS = YES;
				CLANG_WARN_EMPTY_BODY = YES;
				CLANG_WARN_ENUM_CONVERSION = YES;
				CLANG_WARN_INFINITE_RECURSION = YES;
				CLANG_WARN_INT_CONVERSION = YES;
				CLANG_WARN_NON_LITERAL_NULL_CONVERSION = YES;
				CLANG_WARN_OBJC_IMPLICIT_RETAIN_SELF = YES;
				CLANG_WARN_OBJC_LITERAL_CONVERSION = YES;
				CLANG_WARN_OBJC_ROOT_CLASS = YES_ERROR;
				CLANG_WARN_QUOTED_INCLUDE_IN_FRAMEWORK_HEADER = YES;
				CLANG_WARN_RANGE_LOOP_ANALYSIS = YES;
				CLANG_WARN_STRICT_PROTOTYPES = YES;
				CLANG_WARN_SUSPICIOUS_MOVE = YES;
				CLANG_WARN_UNGUARDED_AVAILABILITY = YES_AGGRESSIVE;
				CLANG_WARN_UNREACHABLE_CODE = YES;
				CLANG_WARN__DUPLICATE_METHOD_MATCH = YES;
				COPY_PHASE_STRIP = NO;
				DEBUG_INFORMATION_FORMAT = "dwarf-with-dsym";
				ENABLE_NS_ASSERTIONS = NO;
				ENABLE_STRICT_OBJC_MSGSEND = YES;
				ENABLE_USER_SCRIPT_SANDBOXING = YES;
				GCC_C_LANGUAGE_STANDARD = gnu17;
				GCC_NO_COMMON_BLOCKS = YES;
				GCC_WARN_64_TO_32_BIT_CONVERSION = YES;
				GCC_WARN_ABOUT_RETURN_TYPE = YES_ERROR;
				GCC_WARN_UNDECLARED_SELECTOR = YES;
				GCC_WARN_UNINITIALIZED_AUTOS = YES_AGGRESSIVE;
				GCC_WARN_UNUSED_FUNCTION = YES;
				GCC_WARN_UNUSED_VARIABLE = YES;
				LOCALIZATION_PREFERS_STRING_CATALOGS = YES;
				MACOSX_DEPLOYMENT_TARGET = 11.0;
				MTL_ENABLE_DEBUG_INFO = NO;
				MTL_FAST_MATH = YES;
				SDKROOT = macosx;
				SWIFT_COMPILATION_MODE = wholemodule;
			};
			name = Release;
		};
		A100000F294A1234567890AB /* Debug */ = {
			isa = XCBuildConfiguration;
			buildSettings = {
				ASSETCATALOG_COMPILER_APPICON_NAME = AppIcon;
				ASSETCATALOG_COMPILER_GLOBAL_ACCENT_COLOR_NAME = AccentColor;
				CODE_SIGN_ENTITLEMENTS = VoiceNotes/VoiceNotes.entitlements;
				CODE_SIGN_STYLE = Automatic;
				COMBINE_HIDPI_IMAGES = YES;
				CURRENT_PROJECT_VERSION = 1;
				DEVELOPMENT_ASSET_PATHS = "";
				ENABLE_PREVIEWS = YES;
				GENERATE_INFOPLIST_FILE = YES;
				INFOPLIST_FILE = VoiceNotes/Resources/Info.plist;
				INFOPLIST_KEY_NSHumanReadableCopyright = "";
				INFOPLIST_KEY_NSMicrophoneUsageDescription = "This app needs microphone access to record audio for transcription.";
				LD_RUNPATH_SEARCH_PATHS = (
					"$(inherited)",
					"@executable_path/../Frameworks",
				);
				MARKETING_VERSION = 1.0;
				PRODUCT_BUNDLE_IDENTIFIER = com.voicenotes.VoiceNotes;
				PRODUCT_NAME = "$(TARGET_NAME)";
				SWIFT_EMIT_LOC_STRINGS = YES;
				SWIFT_VERSION = 5.0;
			};
			name = Debug;
		};
		A1000010294A1234567890AB /* Release */ = {
			isa = XCBuildConfiguration;
			buildSettings = {
				ASSETCATALOG_COMPILER_APPICON_NAME = AppIcon;
				ASSETCATALOG_COMPILER_GLOBAL_ACCENT_COLOR_NAME = AccentColor;
				CODE_SIGN_ENTITLEMENTS = VoiceNotes/VoiceNotes.entitlements;
				CODE_SIGN_STYLE = Automatic;
				COMBINE_HIDPI_IMAGES = YES;
				CURRENT_PROJECT_VERSION = 1;
				DEVELOPMENT_ASSET_PATHS = "";
				ENABLE_PREVIEWS = YES;
				GENERATE_INFOPLIST_FILE = YES;
				INFOPLIST_FILE = VoiceNotes/Resources/Info.plist;
				INFOPLIST_KEY_NSHumanReadableCopyright = "";
				INFOPLIST_KEY_NSMicrophoneUsageDescription = "This app needs microphone access to record audio for transcription.";
				LD_RUNPATH_SEARCH_PATHS = (
					"$(inherited)",
					"@executable_path/../Frameworks",
				);
				MARKETING_VERSION = 1.0;
				PRODUCT_BUNDLE_IDENTIFIER = com.voicenotes.VoiceNotes;
				PRODUCT_NAME = "$(TARGET_NAME)";
				SWIFT_EMIT_LOC_STRINGS = YES;
				SWIFT_VERSION = 5.0;
			};
			name = Release;
		};
/* End XCBuildConfiguration section */

/* Begin XCConfigurationList section */
		A0FFFFFA294A1234567890AB /* Build configuration list for PBXProject "VoiceNotes" */ = {
			isa = XCConfigurationList;
			buildConfigurations = (
				A100000C294A1234567890AB /* Debug */,
				A100000D294A1234567890AB /* Release */,
			);
			defaultConfigurationIsVisible = 0;
			defaultConfigurationName = Release;
		};
		A100000E294A1234567890AB /* Build configuration list for PBXNativeTarget "VoiceNotes" */ = {
			isa = XCConfigurationList;
			buildConfigurations = (
				A100000F294A1234567890AB /* Debug */,
				A1000010294A1234567890AB /* Release */,
			);
			defaultConfigurationIsVisible = 0;
			defaultConfigurationName = Release;
		};
/* End XCConfigurationList section */
	};
	rootObject = A0FFFFF7294A1234567890AB /* Project object */;
}
